// !$*UTF8*$!
{
	archiveVersion = 1;
	classes = {
	};
	objectVersion = 50;
	objects = {

/* Begin PBXBuildFile section */
		E6978C0B23D5BDEB00ACFF48 /* AppDelegate.m in Sources */ = {isa = PBXBuildFile; fileRef = E6978C0A23D5BDEB00ACFF48 /* AppDelegate.m */; };
		E6978C0E23D5BDEB00ACFF48 /* SceneDelegate.m in Sources */ = {isa = PBXBuildFile; fileRef = E6978C0D23D5BDEB00ACFF48 /* SceneDelegate.m */; };
		E6978C1123D5BDEB00ACFF48 /* ViewController.m in Sources */ = {isa = PBXBuildFile; fileRef = E6978C1023D5BDEB00ACFF48 /* ViewController.m */; };
		E6978C1423D5BDEB00ACFF48 /* Main.storyboard in Resources */ = {isa = PBXBuildFile; fileRef = E6978C1223D5BDEB00ACFF48 /* Main.storyboard */; };
		E6978C1623D5BDEE00ACFF48 /* Assets.xcassets in Resources */ = {isa = PBXBuildFile; fileRef = E6978C1523D5BDEE00ACFF48 /* Assets.xcassets */; };
		E6978C1923D5BDEE00ACFF48 /* LaunchScreen.storyboard in Resources */ = {isa = PBXBuildFile; fileRef = E6978C1723D5BDEE00ACFF48 /* LaunchScreen.storyboard */; };
		E6978C1C23D5BDEE00ACFF48 /* main.m in Sources */ = {isa = PBXBuildFile; fileRef = E6978C1B23D5BDEE00ACFF48 /* main.m */; };
		E6978C2623D5BDEE00ACFF48 /* labb3_ObjectiveC_Cyrille_Ngide_KolleTests.m in Sources */ = {isa = PBXBuildFile; fileRef = E6978C2523D5BDEE00ACFF48 /* labb3_ObjectiveC_Cyrille_Ngide_KolleTests.m */; };
		E6978C3123D5BDEE00ACFF48 /* labb3_ObjectiveC_Cyrille_Ngide_KolleUITests.m in Sources */ = {isa = PBXBuildFile; fileRef = E6978C3023D5BDEE00ACFF48 /* labb3_ObjectiveC_Cyrille_Ngide_KolleUITests.m */; };
/* End PBXBuildFile section */

/* Begin PBXContainerItemProxy section */
		E6978C2223D5BDEE00ACFF48 /* PBXContainerItemProxy */ = {
			isa = PBXContainerItemProxy;
			containerPortal = E6978BFE23D5BDEB00ACFF48 /* Project object */;
			proxyType = 1;
			remoteGlobalIDString = E6978C0523D5BDEB00ACFF48;
			remoteInfo = labb3.ObjectiveC.Cyrille.Ngide.Kolle;
		};
		E6978C2D23D5BDEE00ACFF48 /* PBXContainerItemProxy */ = {
			isa = PBXContainerItemProxy;
			containerPortal = E6978BFE23D5BDEB00ACFF48 /* Project object */;
			proxyType = 1;
			remoteGlobalIDString = E6978C0523D5BDEB00ACFF48;
			remoteInfo = labb3.ObjectiveC.Cyrille.Ngide.Kolle;
		};
/* End PBXContainerItemProxy section */

/* Begin PBXFileReference section */
		E6978C0623D5BDEB00ACFF48 /* labb3.ObjectiveC.Cyrille.Ngide.Kolle.app */ = {isa = PBXFileReference; explicitFileType = wrapper.application; includeInIndex = 0; path = labb3.ObjectiveC.Cyrille.Ngide.Kolle.app; sourceTree = BUILT_PRODUCTS_DIR; };
		E6978C0923D5BDEB00ACFF48 /* AppDelegate.h */ = {isa = PBXFileReference; lastKnownFileType = sourcecode.c.h; path = AppDelegate.h; sourceTree = "<group>"; };
		E6978C0A23D5BDEB00ACFF48 /* AppDelegate.m */ = {isa = PBXFileReference; lastKnownFileType = sourcecode.c.objc; path = AppDelegate.m; sourceTree = "<group>"; };
		E6978C0C23D5BDEB00ACFF48 /* SceneDelegate.h */ = {isa = PBXFileReference; lastKnownFileType = sourcecode.c.h; path = SceneDelegate.h; sourceTree = "<group>"; };
		E6978C0D23D5BDEB00ACFF48 /* SceneDelegate.m */ = {isa = PBXFileReference; lastKnownFileType = sourcecode.c.objc; path = SceneDelegate.m; sourceTree = "<group>"; };
		E6978C0F23D5BDEB00ACFF48 /* ViewController.h */ = {isa = PBXFileReference; lastKnownFileType = sourcecode.c.h; path = ViewController.h; sourceTree = "<group>"; };
		E6978C1023D5BDEB00ACFF48 /* ViewController.m */ = {isa = PBXFileReference; lastKnownFileType = sourcecode.c.objc; path = ViewController.m; sourceTree = "<group>"; };
		E6978C1323D5BDEB00ACFF48 /* Base */ = {isa = PBXFileReference; lastKnownFileType = file.storyboard; name = Base; path = Base.lproj/Main.storyboard; sourceTree = "<group>"; };
		E6978C1523D5BDEE00ACFF48 /* Assets.xcassets */ = {isa = PBXFileReference; lastKnownFileType = folder.assetcatalog; path = Assets.xcassets; sourceTree = "<group>"; };
		E6978C1823D5BDEE00ACFF48 /* Base */ = {isa = PBXFileReference; lastKnownFileType = file.storyboard; name = Base; path = Base.lproj/LaunchScreen.storyboard; sourceTree = "<group>"; };
		E6978C1A23D5BDEE00ACFF48 /* Info.plist */ = {isa = PBXFileReference; lastKnownFileType = text.plist.xml; path = Info.plist; sourceTree = "<group>"; };
		E6978C1B23D5BDEE00ACFF48 /* main.m */ = {isa = PBXFileReference; lastKnownFileType = sourcecode.c.objc; path = main.m; sourceTree = "<group>"; };
		E6978C2123D5BDEE00ACFF48 /* labb3.ObjectiveC.Cyrille.Ngide.KolleTests.xctest */ = {isa = PBXFileReference; explicitFileType = wrapper.cfbundle; includeInIndex = 0; path = labb3.ObjectiveC.Cyrille.Ngide.KolleTests.xctest; sourceTree = BUILT_PRODUCTS_DIR; };
		E6978C2523D5BDEE00ACFF48 /* labb3_ObjectiveC_Cyrille_Ngide_KolleTests.m */ = {isa = PBXFileReference; lastKnownFileType = sourcecode.c.objc; path = labb3_ObjectiveC_Cyrille_Ngide_KolleTests.m; sourceTree = "<group>"; };
		E6978C2723D5BDEE00ACFF48 /* Info.plist */ = {isa = PBXFileReference; lastKnownFileType = text.plist.xml; path = Info.plist; sourceTree = "<group>"; };
		E6978C2C23D5BDEE00ACFF48 /* labb3.ObjectiveC.Cyrille.Ngide.KolleUITests.xctest */ = {isa = PBXFileReference; explicitFileType = wrapper.cfbundle; includeInIndex = 0; path = labb3.ObjectiveC.Cyrille.Ngide.KolleUITests.xctest; sourceTree = BUILT_PRODUCTS_DIR; };
		E6978C3023D5BDEE00ACFF48 /* labb3_ObjectiveC_Cyrille_Ngide_KolleUITests.m */ = {isa = PBXFileReference; lastKnownFileType = sourcecode.c.objc; path = labb3_ObjectiveC_Cyrille_Ngide_KolleUITests.m; sourceTree = "<group>"; };
		E6978C3223D5BDEE00ACFF48 /* Info.plist */ = {isa = PBXFileReference; lastKnownFileType = text.plist.xml; path = Info.plist; sourceTree = "<group>"; };
/* End PBXFileReference section */

/* Begin PBXFrameworksBuildPhase section */
		E6978C0323D5BDEB00ACFF48 /* Frameworks */ = {
			isa = PBXFrameworksBuildPhase;
			buildActionMask = 2147483647;
			files = (
			);
			runOnlyForDeploymentPostprocessing = 0;
		};
		E6978C1E23D5BDEE00ACFF48 /* Frameworks */ = {
			isa = PBXFrameworksBuildPhase;
			buildActionMask = 2147483647;
			files = (
			);
			runOnlyForDeploymentPostprocessing = 0;
		};
		E6978C2923D5BDEE00ACFF48 /* Frameworks */ = {
			isa = PBXFrameworksBuildPhase;
			buildActionMask = 2147483647;
			files = (
			);
			runOnlyForDeploymentPostprocessing = 0;
		};
/* End PBXFrameworksBuildPhase section */

/* Begin PBXGroup section */
		E6978BFD23D5BDEB00ACFF48 = {
			isa = PBXGroup;
			children = (
				E6978C0823D5BDEB00ACFF48 /* labb3.ObjectiveC.Cyrille.Ngide.Kolle */,
				E6978C2423D5BDEE00ACFF48 /* labb3.ObjectiveC.Cyrille.Ngide.KolleTests */,
				E6978C2F23D5BDEE00ACFF48 /* labb3.ObjectiveC.Cyrille.Ngide.KolleUITests */,
				E6978C0723D5BDEB00ACFF48 /* Products */,
			);
			sourceTree = "<group>";
		};
		E6978C0723D5BDEB00ACFF48 /* Products */ = {
			isa = PBXGroup;
			children = (
				E6978C0623D5BDEB00ACFF48 /* labb3.ObjectiveC.Cyrille.Ngide.Kolle.app */,
				E6978C2123D5BDEE00ACFF48 /* labb3.ObjectiveC.Cyrille.Ngide.KolleTests.xctest */,
				E6978C2C23D5BDEE00ACFF48 /* labb3.ObjectiveC.Cyrille.Ngide.KolleUITests.xctest */,
			);
			name = Products;
			sourceTree = "<group>";
		};
		E6978C0823D5BDEB00ACFF48 /* labb3.ObjectiveC.Cyrille.Ngide.Kolle */ = {
			isa = PBXGroup;
			children = (
				E6978C0923D5BDEB00ACFF48 /* AppDelegate.h */,
				E6978C0A23D5BDEB00ACFF48 /* AppDelegate.m */,
				E6978C0C23D5BDEB00ACFF48 /* SceneDelegate.h */,
				E6978C0D23D5BDEB00ACFF48 /* SceneDelegate.m */,
				E6978C0F23D5BDEB00ACFF48 /* ViewController.h */,
				E6978C1023D5BDEB00ACFF48 /* ViewController.m */,
				E6978C1223D5BDEB00ACFF48 /* Main.storyboard */,
				E6978C1523D5BDEE00ACFF48 /* Assets.xcassets */,
				E6978C1723D5BDEE00ACFF48 /* LaunchScreen.storyboard */,
				E6978C1A23D5BDEE00ACFF48 /* Info.plist */,
				E6978C1B23D5BDEE00ACFF48 /* main.m */,
			);
			path = labb3.ObjectiveC.Cyrille.Ngide.Kolle;
			sourceTree = "<group>";
		};
		E6978C2423D5BDEE00ACFF48 /* labb3.ObjectiveC.Cyrille.Ngide.KolleTests */ = {
			isa = PBXGroup;
			children = (
				E6978C2523D5BDEE00ACFF48 /* labb3_ObjectiveC_Cyrille_Ngide_KolleTests.m */,
				E6978C2723D5BDEE00ACFF48 /* Info.plist */,
			);
			path = labb3.ObjectiveC.Cyrille.Ngide.KolleTests;
			sourceTree = "<group>";
		};
		E6978C2F23D5BDEE00ACFF48 /* labb3.ObjectiveC.Cyrille.Ngide.KolleUITests */ = {
			isa = PBXGroup;
			children = (
				E6978C3023D5BDEE00ACFF48 /* labb3_ObjectiveC_Cyrille_Ngide_KolleUITests.m */,
				E6978C3223D5BDEE00ACFF48 /* Info.plist */,
			);
			path = labb3.ObjectiveC.Cyrille.Ngide.KolleUITests;
			sourceTree = "<group>";
		};
/* End PBXGroup section */

/* Begin PBXNativeTarget section */
		E6978C0523D5BDEB00ACFF48 /* labb3.ObjectiveC.Cyrille.Ngide.Kolle */ = {
			isa = PBXNativeTarget;
			buildConfigurationList = E6978C3523D5BDEE00ACFF48 /* Build configuration list for PBXNativeTarget "labb3.ObjectiveC.Cyrille.Ngide.Kolle" */;
			buildPhases = (
				E6978C0223D5BDEB00ACFF48 /* Sources */,
				E6978C0323D5BDEB00ACFF48 /* Frameworks */,
				E6978C0423D5BDEB00ACFF48 /* Resources */,
			);
			buildRules = (
			);
			dependencies = (
			);
			name = labb3.ObjectiveC.Cyrille.Ngide.Kolle;
			productName = labb3.ObjectiveC.Cyrille.Ngide.Kolle;
			productReference = E6978C0623D5BDEB00ACFF48 /* labb3.ObjectiveC.Cyrille.Ngide.Kolle.app */;
			productType = "com.apple.product-type.application";
		};
		E6978C2023D5BDEE00ACFF48 /* labb3.ObjectiveC.Cyrille.Ngide.KolleTests */ = {
			isa = PBXNativeTarget;
			buildConfigurationList = E6978C3823D5BDEE00ACFF48 /* Build configuration list for PBXNativeTarget "labb3.ObjectiveC.Cyrille.Ngide.KolleTests" */;
			buildPhases = (
				E6978C1D23D5BDEE00ACFF48 /* Sources */,
				E6978C1E23D5BDEE00ACFF48 /* Frameworks */,
				E6978C1F23D5BDEE00ACFF48 /* Resources */,
			);
			buildRules = (
			);
			dependencies = (
				E6978C2323D5BDEE00ACFF48 /* PBXTargetDependency */,
			);
			name = labb3.ObjectiveC.Cyrille.Ngide.KolleTests;
			productName = labb3.ObjectiveC.Cyrille.Ngide.KolleTests;
			productReference = E6978C2123D5BDEE00ACFF48 /* labb3.ObjectiveC.Cyrille.Ngide.KolleTests.xctest */;
			productType = "com.apple.product-type.bundle.unit-test";
		};
		E6978C2B23D5BDEE00ACFF48 /* labb3.ObjectiveC.Cyrille.Ngide.KolleUITests */ = {
			isa = PBXNativeTarget;
			buildConfigurationList = E6978C3B23D5BDEE00ACFF48 /* Build configuration list for PBXNativeTarget "labb3.ObjectiveC.Cyrille.Ngide.KolleUITests" */;
			buildPhases = (
				E6978C2823D5BDEE00ACFF48 /* Sources */,
				E6978C2923D5BDEE00ACFF48 /* Frameworks */,
				E6978C2A23D5BDEE00ACFF48 /* Resources */,
			);
			buildRules = (
			);
			dependencies = (
				E6978C2E23D5BDEE00ACFF48 /* PBXTargetDependency */,
			);
			name = labb3.ObjectiveC.Cyrille.Ngide.KolleUITests;
			productName = labb3.ObjectiveC.Cyrille.Ngide.KolleUITests;
			productReference = E6978C2C23D5BDEE00ACFF48 /* labb3.ObjectiveC.Cyrille.Ngide.KolleUITests.xctest */;
			productType = "com.apple.product-type.bundle.ui-testing";
		};
/* End PBXNativeTarget section */

/* Begin PBXProject section */
		E6978BFE23D5BDEB00ACFF48 /* Project object */ = {
			isa = PBXProject;
			attributes = {
				LastUpgradeCheck = 1130;
				ORGANIZATIONNAME = "Indigo´sDad";
				TargetAttributes = {
					E6978C0523D5BDEB00ACFF48 = {
						CreatedOnToolsVersion = 11.3;
					};
					E6978C2023D5BDEE00ACFF48 = {
						CreatedOnToolsVersion = 11.3;
						TestTargetID = E6978C0523D5BDEB00ACFF48;
					};
					E6978C2B23D5BDEE00ACFF48 = {
						CreatedOnToolsVersion = 11.3;
						TestTargetID = E6978C0523D5BDEB00ACFF48;
					};
				};
			};
			buildConfigurationList = E6978C0123D5BDEB00ACFF48 /* Build configuration list for PBXProject "labb3.ObjectiveC.Cyrille.Ngide.Kolle" */;
			compatibilityVersion = "Xcode 9.3";
			developmentRegion = en;
			hasScannedForEncodings = 0;
			knownRegions = (
				en,
				Base,
			);
			mainGroup = E6978BFD23D5BDEB00ACFF48;
			productRefGroup = E6978C0723D5BDEB00ACFF48 /* Products */;
			projectDirPath = "";
			projectRoot = "";
			targets = (
				E6978C0523D5BDEB00ACFF48 /* labb3.ObjectiveC.Cyrille.Ngide.Kolle */,
				E6978C2023D5BDEE00ACFF48 /* labb3.ObjectiveC.Cyrille.Ngide.KolleTests */,
				E6978C2B23D5BDEE00ACFF48 /* labb3.ObjectiveC.Cyrille.Ngide.KolleUITests */,
			);
		};
/* End PBXProject section */

/* Begin PBXResourcesBuildPhase section */
		E6978C0423D5BDEB00ACFF48 /* Resources */ = {
			isa = PBXResourcesBuildPhase;
			buildActionMask = 2147483647;
			files = (
				E6978C1923D5BDEE00ACFF48 /* LaunchScreen.storyboard in Resources */,
				E6978C1623D5BDEE00ACFF48 /* Assets.xcassets in Resources */,
				E6978C1423D5BDEB00ACFF48 /* Main.storyboard in Resources */,
			);
			runOnlyForDeploymentPostprocessing = 0;
		};
		E6978C1F23D5BDEE00ACFF48 /* Resources */ = {
			isa = PBXResourcesBuildPhase;
			buildActionMask = 2147483647;
			files = (
			);
			runOnlyForDeploymentPostprocessing = 0;
		};
		E6978C2A23D5BDEE00ACFF48 /* Resources */ = {
			isa = PBXResourcesBuildPhase;
			buildActionMask = 2147483647;
			files = (
			);
			runOnlyForDeploymentPostprocessing = 0;
		};
/* End PBXResourcesBuildPhase section */

/* Begin PBXSourcesBuildPhase section */
		E6978C0223D5BDEB00ACFF48 /* Sources */ = {
			isa = PBXSourcesBuildPhase;
			buildActionMask = 2147483647;
			files = (
				E6978C1123D5BDEB00ACFF48 /* ViewController.m in Sources */,
				E6978C0B23D5BDEB00ACFF48 /* AppDelegate.m in Sources */,
				E6978C1C23D5BDEE00ACFF48 /* main.m in Sources */,
				E6978C0E23D5BDEB00ACFF48 /* SceneDelegate.m in Sources */,
			);
			runOnlyForDeploymentPostprocessing = 0;
		};
		E6978C1D23D5BDEE00ACFF48 /* Sources */ = {
			isa = PBXSourcesBuildPhase;
			buildActionMask = 2147483647;
			files = (
				E6978C2623D5BDEE00ACFF48 /* labb3_ObjectiveC_Cyrille_Ngide_KolleTests.m in Sources */,
			);
			runOnlyForDeploymentPostprocessing = 0;
		};
		E6978C2823D5BDEE00ACFF48 /* Sources */ = {
			isa = PBXSourcesBuildPhase;
			buildActionMask = 2147483647;
			files = (
				E6978C3123D5BDEE00ACFF48 /* labb3_ObjectiveC_Cyrille_Ngide_KolleUITests.m in Sources */,
			);
			runOnlyForDeploymentPostprocessing = 0;
		};
/* End PBXSourcesBuildPhase section */

/* Begin PBXTargetDependency section */
		E6978C2323D5BDEE00ACFF48 /* PBXTargetDependency */ = {
			isa = PBXTargetDependency;
			target = E6978C0523D5BDEB00ACFF48 /* labb3.ObjectiveC.Cyrille.Ngide.Kolle */;
			targetProxy = E6978C2223D5BDEE00ACFF48 /* PBXContainerItemProxy */;
		};
		E6978C2E23D5BDEE00ACFF48 /* PBXTargetDependency */ = {
			isa = PBXTargetDependency;
			target = E6978C0523D5BDEB00ACFF48 /* labb3.ObjectiveC.Cyrille.Ngide.Kolle */;
			targetProxy = E6978C2D23D5BDEE00ACFF48 /* PBXContainerItemProxy */;
		};
/* End PBXTargetDependency section */

/* Begin PBXVariantGroup section */
		E6978C1223D5BDEB00ACFF48 /* Main.storyboard */ = {
			isa = PBXVariantGroup;
			children = (
				E6978C1323D5BDEB00ACFF48 /* Base */,
			);
			name = Main.storyboard;
			sourceTree = "<group>";
		};
		E6978C1723D5BDEE00ACFF48 /* LaunchScreen.storyboard */ = {
			isa = PBXVariantGroup;
			children = (
				E6978C1823D5BDEE00ACFF48 /* Base */,
			);
			name = LaunchScreen.storyboard;
			sourceTree = "<group>";
		};
/* End PBXVariantGroup section */

/* Begin XCBuildConfiguration section */
		E6978C3323D5BDEE00ACFF48 /* Debug */ = {
			isa = XCBuildConfiguration;
			buildSettings = {
				ALWAYS_SEARCH_USER_PATHS = NO;
				CLANG_ANALYZER_NONNULL = YES;
				CLANG_ANALYZER_NUMBER_OBJECT_CONVERSION = YES_AGGRESSIVE;
				CLANG_CXX_LANGUAGE_STANDARD = "gnu++14";
				CLANG_CXX_LIBRARY = "libc++";
				CLANG_ENABLE_MODULES = YES;
				CLANG_ENABLE_OBJC_ARC = YES;
				CLANG_ENABLE_OBJC_WEAK = YES;
				CLANG_WARN_BLOCK_CAPTURE_AUTORELEASING = YES;
				CLANG_WARN_BOOL_CONVERSION = YES;
				CLANG_WARN_COMMA = YES;
				CLANG_WARN_CONSTANT_CONVERSION = YES;
				CLANG_WARN_DEPRECATED_OBJC_IMPLEMENTATIONS = YES;
				CLANG_WARN_DIRECT_OBJC_ISA_USAGE = YES_ERROR;
				CLANG_WARN_DOCUMENTATION_COMMENTS = YES;
				CLANG_WARN_EMPTY_BODY = YES;
				CLANG_WARN_ENUM_CONVERSION = YES;
				CLANG_WARN_INFINITE_RECURSION = YES;
				CLANG_WARN_INT_CONVERSION = YES;
				CLANG_WARN_NON_LITERAL_NULL_CONVERSION = YES;
				CLANG_WARN_OBJC_IMPLICIT_RETAIN_SELF = YES;
				CLANG_WARN_OBJC_LITERAL_CONVERSION = YES;
				CLANG_WARN_OBJC_ROOT_CLASS = YES_ERROR;
				CLANG_WARN_RANGE_LOOP_ANALYSIS = YES;
				CLANG_WARN_STRICT_PROTOTYPES = YES;
				CLANG_WARN_SUSPICIOUS_MOVE = YES;
				CLANG_WARN_UNGUARDED_AVAILABILITY = YES_AGGRESSIVE;
				CLANG_WARN_UNREACHABLE_CODE = YES;
				CLANG_WARN__DUPLICATE_METHOD_MATCH = YES;
				COPY_PHASE_STRIP = NO;
				DEBUG_INFORMATION_FORMAT = dwarf;
				ENABLE_STRICT_OBJC_MSGSEND = YES;
				ENABLE_TESTABILITY = YES;
				GCC_C_LANGUAGE_STANDARD = gnu11;
				GCC_DYNAMIC_NO_PIC = NO;
				GCC_NO_COMMON_BLOCKS = YES;
				GCC_OPTIMIZATION_LEVEL = 0;
				GCC_PREPROCESSOR_DEFINITIONS = (
					"DEBUG=1",
					"$(inherited)",
				);
				GCC_WARN_64_TO_32_BIT_CONVERSION = YES;
				GCC_WARN_ABOUT_RETURN_TYPE = YES_ERROR;
				GCC_WARN_UNDECLARED_SELECTOR = YES;
				GCC_WARN_UNINITIALIZED_AUTOS = YES_AGGRESSIVE;
				GCC_WARN_UNUSED_FUNCTION = YES;
				GCC_WARN_UNUSED_VARIABLE = YES;
				IPHONEOS_DEPLOYMENT_TARGET = 13.2;
				MTL_ENABLE_DEBUG_INFO = INCLUDE_SOURCE;
				MTL_FAST_MATH = YES;
				ONLY_ACTIVE_ARCH = YES;
				SDKROOT = iphoneos;
			};
			name = Debug;
		};
		E6978C3423D5BDEE00ACFF48 /* Release */ = {
			isa = XCBuildConfiguration;
			buildSettings = {
				ALWAYS_SEARCH_USER_PATHS = NO;
				CLANG_ANALYZER_NONNULL = YES;
				CLANG_ANALYZER_NUMBER_OBJECT_CONVERSION = YES_AGGRESSIVE;
				CLANG_CXX_LANGUAGE_STANDARD = "gnu++14";
				CLANG_CXX_LIBRARY = "libc++";
				CLANG_ENABLE_MODULES = YES;
				CLANG_ENABLE_OBJC_ARC = YES;
				CLANG_ENABLE_OBJC_WEAK = YES;
				CLANG_WARN_BLOCK_CAPTURE_AUTORELEASING = YES;
				CLANG_WARN_BOOL_CONVERSION = YES;
				CLANG_WARN_COMMA = YES;
				CLANG_WARN_CONSTANT_CONVERSION = YES;
				CLANG_WARN_DEPRECATED_OBJC_IMPLEMENTATIONS = YES;
				CLANG_WARN_DIRECT_OBJC_ISA_USAGE = YES_ERROR;
				CLANG_WARN_DOCUMENTATION_COMMENTS = YES;
				CLANG_WARN_EMPTY_BODY = YES;
				CLANG_WARN_ENUM_CONVERSION = YES;
				CLANG_WARN_INFINITE_RECURSION = YES;
				CLANG_WARN_INT_CONVERSION = YES;
				CLANG_WARN_NON_LITERAL_NULL_CONVERSION = YES;
				CLANG_WARN_OBJC_IMPLICIT_RETAIN_SELF = YES;
				CLANG_WARN_OBJC_LITERAL_CONVERSION = YES;
				CLANG_WARN_OBJC_ROOT_CLASS = YES_ERROR;
				CLANG_WARN_RANGE_LOOP_ANALYSIS = YES;
				CLANG_WARN_STRICT_PROTOTYPES = YES;
				CLANG_WARN_SUSPICIOUS_MOVE = YES;
				CLANG_WARN_UNGUARDED_AVAILABILITY = YES_AGGRESSIVE;
				CLANG_WARN_UNREACHABLE_CODE = YES;
				CLANG_WARN__DUPLICATE_METHOD_MATCH = YES;
				COPY_PHASE_STRIP = NO;
				DEBUG_INFORMATION_FORMAT = "dwarf-with-dsym";
				ENABLE_NS_ASSERTIONS = NO;
				ENABLE_STRICT_OBJC_MSGSEND = YES;
				GCC_C_LANGUAGE_STANDARD = gnu11;
				GCC_NO_COMMON_BLOCKS = YES;
				GCC_WARN_64_TO_32_BIT_CONVERSION = YES;
				GCC_WARN_ABOUT_RETURN_TYPE = YES_ERROR;
				GCC_WARN_UNDECLARED_SELECTOR = YES;
				GCC_WARN_UNINITIALIZED_AUTOS = YES_AGGRESSIVE;
				GCC_WARN_UNUSED_FUNCTION = YES;
				GCC_WARN_UNUSED_VARIABLE = YES;
				IPHONEOS_DEPLOYMENT_TARGET = 13.2;
				MTL_ENABLE_DEBUG_INFO = NO;
				MTL_FAST_MATH = YES;
				SDKROOT = iphoneos;
				VALIDATE_PRODUCT = YES;
			};
			name = Release;
		};
		E6978C3623D5BDEE00ACFF48 /* Debug */ = {
			isa = XCBuildConfiguration;
			buildSettings = {
				ASSETCATALOG_COMPILER_APPICON_NAME = AppIcon;
				CODE_SIGN_STYLE = Automatic;
				INFOPLIST_FILE = labb3.ObjectiveC.Cyrille.Ngide.Kolle/Info.plist;
				LD_RUNPATH_SEARCH_PATHS = (
					"$(inherited)",
					"@executable_path/Frameworks",
				);
				PRODUCT_BUNDLE_IDENTIFIER = "cy.labb3-ObjectiveC-Cyrille-Ngide-Kolle";
				PRODUCT_NAME = "$(TARGET_NAME)";
				TARGETED_DEVICE_FAMILY = "1,2";
			};
			name = Debug;
		};
		E6978C3723D5BDEE00ACFF48 /* Release */ = {
			isa = XCBuildConfiguration;
			buildSettings = {
				ASSETCATALOG_COMPILER_APPICON_NAME = AppIcon;
				CODE_SIGN_STYLE = Automatic;
				INFOPLIST_FILE = labb3.ObjectiveC.Cyrille.Ngide.Kolle/Info.plist;
				LD_RUNPATH_SEARCH_PATHS = (
					"$(inherited)",
					"@executable_path/Frameworks",
				);
				PRODUCT_BUNDLE_IDENTIFIER = "cy.labb3-ObjectiveC-Cyrille-Ngide-Kolle";
				PRODUCT_NAME = "$(TARGET_NAME)";
				TARGETED_DEVICE_FAMILY = "1,2";
			};
			name = Release;
		};
		E6978C3923D5BDEE00ACFF48 /* Debug */ = {
			isa = XCBuildConfiguration;
			buildSettings = {
				BUNDLE_LOADER = "$(TEST_HOST)";
				CODE_SIGN_STYLE = Automatic;
				INFOPLIST_FILE = labb3.ObjectiveC.Cyrille.Ngide.KolleTests/Info.plist;
				IPHONEOS_DEPLOYMENT_TARGET = 13.2;
				LD_RUNPATH_SEARCH_PATHS = (
					"$(inherited)",
					"@executable_path/Frameworks",
					"@loader_path/Frameworks",
				);
				PRODUCT_BUNDLE_IDENTIFIER = "cy.labb3-ObjectiveC-Cyrille-Ngide-KolleTests";
				PRODUCT_NAME = "$(TARGET_NAME)";
				TARGETED_DEVICE_FAMILY = "1,2";
				TEST_HOST = "$(BUILT_PRODUCTS_DIR)/labb3.ObjectiveC.Cyrille.Ngide.Kolle.app/labb3.ObjectiveC.Cyrille.Ngide.Kolle";
			};
			name = Debug;
		};
		E6978C3A23D5BDEE00ACFF48 /* Release */ = {
			isa = XCBuildConfiguration;
			buildSettings = {
				BUNDLE_LOADER = "$(TEST_HOST)";
				CODE_SIGN_STYLE = Automatic;
				INFOPLIST_FILE = labb3.ObjectiveC.Cyrille.Ngide.KolleTests/Info.plist;
				IPHONEOS_DEPLOYMENT_TARGET = 13.2;
				LD_RUNPATH_SEARCH_PATHS = (
					"$(inherited)",
					"@executable_path/Frameworks",
					"@loader_path/Frameworks",
				);
				PRODUCT_BUNDLE_IDENTIFIER = "cy.labb3-ObjectiveC-Cyrille-Ngide-KolleTests";
				PRODUCT_NAME = "$(TARGET_NAME)";
				TARGETED_DEVICE_FAMILY = "1,2";
				TEST_HOST = "$(BUILT_PRODUCTS_DIR)/labb3.ObjectiveC.Cyrille.Ngide.Kolle.app/labb3.ObjectiveC.Cyrille.Ngide.Kolle";
			};
			name = Release;
		};
		E6978C3C23D5BDEE00ACFF48 /* Debug */ = {
			isa = XCBuildConfiguration;
			buildSettings = {
				CODE_SIGN_STYLE = Automatic;
				INFOPLIST_FILE = labb3.ObjectiveC.Cyrille.Ngide.KolleUITests/Info.plist;
				LD_RUNPATH_SEARCH_PATHS = (
					"$(inherited)",
					"@executable_path/Frameworks",
					"@loader_path/Frameworks",
				);
				PRODUCT_BUNDLE_IDENTIFIER = "cy.labb3-ObjectiveC-Cyrille-Ngide-KolleUITests";
				PRODUCT_NAME = "$(TARGET_NAME)";
				TARGETED_DEVICE_FAMILY = "1,2";
				TEST_TARGET_NAME = labb3.ObjectiveC.Cyrille.Ngide.Kolle;
			};
			name = Debug;
		};
		E6978C3D23D5BDEE00ACFF48 /* Release */ = {
			isa = XCBuildConfiguration;
			buildSettings = {
				CODE_SIGN_STYLE = Automatic;
				INFOPLIST_FILE = labb3.ObjectiveC.Cyrille.Ngide.KolleUITests/Info.plist;
				LD_RUNPATH_SEARCH_PATHS = (
					"$(inherited)",
					"@executable_path/Frameworks",
					"@loader_path/Frameworks",
				);
				PRODUCT_BUNDLE_IDENTIFIER = "cy.labb3-ObjectiveC-Cyrille-Ngide-KolleUITests";
				PRODUCT_NAME = "$(TARGET_NAME)";
				TARGETED_DEVICE_FAMILY = "1,2";
				TEST_TARGET_NAME = labb3.ObjectiveC.Cyrille.Ngide.Kolle;
			};
			name = Release;
		};
/* End XCBuildConfiguration section */

/* Begin XCConfigurationList section */
		E6978C0123D5BDEB00ACFF48 /* Build configuration list for PBXProject "labb3.ObjectiveC.Cyrille.Ngide.Kolle" */ = {
			isa = XCConfigurationList;
			buildConfigurations = (
				E6978C3323D5BDEE00ACFF48 /* Debug */,
				E6978C3423D5BDEE00ACFF48 /* Release */,
			);
			defaultConfigurationIsVisible = 0;
			defaultConfigurationName = Release;
		};
		E6978C3523D5BDEE00ACFF48 /* Build configuration list for PBXNativeTarget "labb3.ObjectiveC.Cyrille.Ngide.Kolle" */ = {
			isa = XCConfigurationList;
			buildConfigurations = (
				E6978C3623D5BDEE00ACFF48 /* Debug */,
				E6978C3723D5BDEE00ACFF48 /* Release */,
			);
			defaultConfigurationIsVisible = 0;
			defaultConfigurationName = Release;
		};
		E6978C3823D5BDEE00ACFF48 /* Build configuration list for PBXNativeTarget "labb3.ObjectiveC.Cyrille.Ngide.KolleTests" */ = {
			isa = XCConfigurationList;
			buildConfigurations = (
				E6978C3923D5BDEE00ACFF48 /* Debug */,
				E6978C3A23D5BDEE00ACFF48 /* Release */,
			);
			defaultConfigurationIsVisible = 0;
			defaultConfigurationName = Release;
		};
		E6978C3B23D5BDEE00ACFF48 /* Build configuration list for PBXNativeTarget "labb3.ObjectiveC.Cyrille.Ngide.KolleUITests" */ = {
			isa = XCConfigurationList;
			buildConfigurations = (
				E6978C3C23D5BDEE00ACFF48 /* Debug */,
				E6978C3D23D5BDEE00ACFF48 /* Release */,
			);
			defaultConfigurationIsVisible = 0;
			defaultConfigurationName = Release;
		};
/* End XCConfigurationList section */
	};
	rootObject = E6978BFE23D5BDEB00ACFF48 /* Project object */;
}
